
Microsoft Visual Studio Solution File, Format Version 12.00
# Visual Studio Version 16
VisualStudioVersion = 16.0.31624.102
MinimumVisualStudioVersion = 10.0.40219.1
Project("{FAE04EC0-301F-11D3-BF4B-00C04F79EFBC}") = "ChatClient", "ChatApp\ChatClient.csproj", "{6B2785F7-D123-4D10-A92F-EEBDE13E76A2}"
EndProject
Project("{FAE04EC0-301F-11D3-BF4B-00C04F79EFBC}") = "ChatServer", "ChatServer\ChatServer.csproj", "{0F45AA88-679B-4991-A154-01E8519B88DA}"
EndProject
Global
	GlobalSection(SolutionConfigurationPlatforms) = preSolution
		Debug|Any CPU = Debug|Any CPU
		Release|Any CPU = Release|Any CPU
	EndGlobalSection
	GlobalSection(ProjectConfigurationPlatforms) = postSolution
		{6B2785F7-D123-4D10-A92F-EEBDE13E76A2}.Debug|Any CPU.ActiveCfg = Debug|Any CPU
		{6B2785F7-D123-4D10-A92F-EEBDE13E76A2}.Debug|Any CPU.Build.0 = Debug|Any CPU
		{6B2785F7-D123-4D10-A92F-EEBDE13E76A2}.Release|Any CPU.ActiveCfg = Release|Any CPU
		{6B2785F7-D123-4D10-A92F-EEBDE13E76A2}.Release|Any CPU.Build.0 = Release|Any CPU
		{0F45AA88-679B-4991-A154-01E8519B88DA}.Debug|Any CPU.ActiveCfg = Debug|Any CPU
		{0F45AA88-679B-4991-A154-01E8519B88DA}.Debug|Any CPU.Build.0 = Debug|Any CPU
		{0F45AA88-679B-4991-A154-01E8519B88DA}.Release|Any CPU.ActiveCfg = Release|Any CPU
		{0F45AA88-679B-4991-A154-01E8519B88DA}.Release|Any CPU.Build.0 = Release|Any CPU
	EndGlobalSection
	GlobalSection(SolutionProperties) = preSolution
		HideSolutionNode = FALSE
	EndGlobalSection
	GlobalSection(ExtensibilityGlobals) = postSolution
		SolutionGuid = {AC2DED2A-A95C-4110-ADD7-522B9F499C53}
	EndGlobalSection
EndGlobal
